
Microsoft Visual Studio Solution File, Format Version 12.00
# Visual Studio Version 16
VisualStudioVersion = 16.0.30002.166
MinimumVisualStudioVersion = 10.0.40219.1
Project("{FAE04EC0-301F-11D3-BF4B-00C04F79EFBC}") = "Carrington_Service", "Carrington_Service.csproj", "{C5451BFE-1D32-42DD-BAC1-A8FABBEC2CF3}"
EndProject
Global
	GlobalSection(SolutionConfigurationPlatforms) = preSolution
		Debug|Any CPU = Debug|Any CPU
		Release|Any CPU = Release|Any CPU
	EndGlobalSection
	GlobalSection(ProjectConfigurationPlatforms) = postSolution
		{C5451BFE-1D32-42DD-BAC1-A8FABBEC2CF3}.Debug|Any CPU.ActiveCfg = Debug|Any CPU
		{C5451BFE-1D32-42DD-BAC1-A8FABBEC2CF3}.Debug|Any CPU.Build.0 = Debug|Any CPU
		{C5451BFE-1D32-42DD-BAC1-A8FABBEC2CF3}.Release|Any CPU.ActiveCfg = Release|Any CPU
		{C5451BFE-1D32-42DD-BAC1-A8FABBEC2CF3}.Release|Any CPU.Build.0 = Release|Any CPU
	EndGlobalSection
	GlobalSection(SolutionProperties) = preSolution
		HideSolutionNode = FALSE
	EndGlobalSection
	GlobalSection(ExtensibilityGlobals) = postSolution
		SolutionGuid = {D642F5B8-0B47-4B7B-B901-FFECBD6DD3DC}
	EndGlobalSection
EndGlobal
